{
  "nodes": {
    "nix-utils": {
      "inputs": {
        "nixpkgs": [
          "nixpkgs"
        ]
      },
      "locked": {
        "lastModified": 1783935193,
        "narHash": "sha256-a+rUJO5VU0xm80OBzneNVVy4X3FoDVUKZyi6L18DGNM=",
        "owner": "silvarc141",
        "repo": "nix-utils",
        "rev": "bed197ea8eea2cf67cf8320b513c3ca3f73b0ac0",
        "type": "github"
      },
      "original": {
        "owner": "silvarc141",
        "repo": "nix-utils",
        "type": "github"
      }
    },
    "nixpkgs": {
      "locked": {
        "lastModified": 1783856661,
        "narHash": "sha256-ZGP04e+Q6WyQJGA9ZvI5CL6+heGQldbAG9U1T9NGvmU=",
        "owner": "nixos",
        "repo": "nixpkgs",
        "rev": "569d578509928497eddc3fdbf94a799027050be4",
        "type": "github"
      },
      "original": {
        "owner": "nixos",
        "ref": "nixos-26.05",
        "repo": "nixpkgs",
        "type": "github"
      }
    },
    "root": {
      "inputs": {
        "nix-utils": "nix-utils",
        "nixpkgs": "nixpkgs",
        "squib-src": "squib-src"
      }
    },
    "squib-src": {
      "flake": false,
      "locked": {
        "lastModified": 1782940658,
        "narHash": "sha256-h7/L7ZbaSBi34L8O+G1NJTcSJ32sS4qlICoqiMNfDS8=",
        "owner": "silvarc141",
        "repo": "squib",
        "rev": "6e6a6733b50e12d9aa24ce7a19e42fa9e9f6061a",
        "type": "github"
      },
      "original": {
        "owner": "silvarc141",
        "repo": "squib",
        "type": "github"
      }
    }
  },
  "root": "root",
  "version": 7
}
